{
  "nodes": {
    "fenix": {
      "inputs": {
        "nixpkgs": [
          "nixpkgs"
        ],
        "rust-analyzer-src": "rust-analyzer-src"
      },
      "locked": {
        "lastModified": 1773299640,
        "narHash": "sha256-kTsZ5xGZqaeJ8jWsfZNACo/VsW3riVuIQEPWVGiqWKM=",
        "owner": "nix-community",
        "repo": "fenix",
        "rev": "8ac78ff968869cd05d9cb42fbf63bdbc6851ec19",
        "type": "github"
      },
      "original": {
        "owner": "nix-community",
        "repo": "fenix",
        "type": "github"
      }
    },
    "nixpkgs": {
      "locked": {
        "lastModified": 1773222311,
        "narHash": "sha256-BHoB/XpbqoZkVYZCfXJXfkR+GXFqwb/4zbWnOr2cRcU=",
        "owner": "NixOS",
        "repo": "nixpkgs",
        "rev": "0590cd39f728e129122770c029970378a79d076a",
        "type": "github"
      },
      "original": {
        "owner": "NixOS",
        "ref": "nixos-25.11",
        "repo": "nixpkgs",
        "type": "github"
      }
    },
    "root": {
      "inputs": {
        "fenix": "fenix",
        "nixpkgs": "nixpkgs"
      }
    },
    "rust-analyzer-src": {
      "flake": false,
      "locked": {
        "lastModified": 1773194001,
        "narHash": "sha256-50PPXBtH2xfKuNfQfUNOyuIFgZPEz5QVertQWS2MQJE=",
        "owner": "rust-lang",
        "repo": "rust-analyzer",
        "rev": "8ed3cca4d30610fd0d3c1179c85418de2dc0a7c1",
        "type": "github"
      },
      "original": {
        "owner": "rust-lang",
        "ref": "nightly",
        "repo": "rust-analyzer",
        "type": "github"
      }
    }
  },
  "root": "root",
  "version": 7
}
